
Microsoft Visual Studio Solution File, Format Version 12.00
# Visual Studio Version 16
VisualStudioVersion = 16.0.31624.102
MinimumVisualStudioVersion = 10.0.40219.1
Project("{FAE04EC0-301F-11D3-BF4B-00C04F79EFBC}") = "test_dot_net", "test_dot_net.csproj", "{24AB46BF-F29D-4BA2-B8A4-720BCAA48050}"
EndProject
Global
	GlobalSection(SolutionConfigurationPlatforms) = preSolution
		Debug|Any CPU = Debug|Any CPU
		Release|Any CPU = Release|Any CPU
	EndGlobalSection
	GlobalSection(ProjectConfigurationPlatforms) = postSolution
		{24AB46BF-F29D-4BA2-B8A4-720BCAA48050}.Debug|Any CPU.ActiveCfg = Debug|Any CPU
		{24AB46BF-F29D-4BA2-B8A4-720BCAA48050}.Debug|Any CPU.Build.0 = Debug|Any CPU
		{24AB46BF-F29D-4BA2-B8A4-720BCAA48050}.Release|Any CPU.ActiveCfg = Release|Any CPU
		{24AB46BF-F29D-4BA2-B8A4-720BCAA48050}.Release|Any CPU.Build.0 = Release|Any CPU
	EndGlobalSection
	GlobalSection(SolutionProperties) = preSolution
		HideSolutionNode = FALSE
	EndGlobalSection
	GlobalSection(ExtensibilityGlobals) = postSolution
		SolutionGuid = {4012A022-4DE2-4245-913C-846D254383D4}
	EndGlobalSection
EndGlobal
